// !$*UTF8*$!
{
	archiveVersion = 1;
	classes = {
	};
	objectVersion = 46;
	objects = {

/* Begin PBXBuildFile section */
		B00093B01BE2AD85007E7EC6 /* λ.swift in Sources */ = {isa = PBXBuildFile; fileRef = B00093AF1BE2AD85007E7EC6 /* λ.swift */; };
		B0AAECAF1BE2379F0079A14A /* AppDelegate.swift in Sources */ = {isa = PBXBuildFile; fileRef = B0AAECAE1BE2379F0079A14A /* AppDelegate.swift */; };
		B0AAECB21BE2379F0079A14A /* Main.storyboard in Resources */ = {isa = PBXBuildFile; fileRef = B0AAECB01BE2379F0079A14A /* Main.storyboard */; };
		B0AAECB41BE2379F0079A14A /* Assets.xcassets in Resources */ = {isa = PBXBuildFile; fileRef = B0AAECB31BE2379F0079A14A /* Assets.xcassets */; };
		B0AAECB71BE2379F0079A14A /* LaunchScreen.storyboard in Resources */ = {isa = PBXBuildFile; fileRef = B0AAECB51BE2379F0079A14A /* LaunchScreen.storyboard */; };
		B0AAECBF1BE237AE0079A14A /* ViewController.swift in Sources */ = {isa = PBXBuildFile; fileRef = B0AAECBE1BE237AE0079A14A /* ViewController.swift */; };
		B0EFA83B1BE379280021A048 /* README.md in Sources */ = {isa = PBXBuildFile; fileRef = B0EFA8391BE379270021A048 /* README.md */; };
		B0EFA83C1BE379280021A048 /* LICENSE.md in Sources */ = {isa = PBXBuildFile; fileRef = B0EFA83A1BE379270021A048 /* LICENSE.md */; };
/* End PBXBuildFile section */

/* Begin PBXFileReference section */
		B00093AF1BE2AD85007E7EC6 /* λ.swift */ = {isa = PBXFileReference; fileEncoding = 4; lastKnownFileType = sourcecode.swift; path = "λ.swift"; sourceTree = "<group>"; };
		B0AAECAB1BE2379F0079A14A /* ClosureAsEventHandler.app */ = {isa = PBXFileReference; explicitFileType = wrapper.application; includeInIndex = 0; path = ClosureAsEventHandler.app; sourceTree = BUILT_PRODUCTS_DIR; };
		B0AAECAE1BE2379F0079A14A /* AppDelegate.swift */ = {isa = PBXFileReference; lastKnownFileType = sourcecode.swift; path = AppDelegate.swift; sourceTree = "<group>"; };
		B0AAECB11BE2379F0079A14A /* Base */ = {isa = PBXFileReference; lastKnownFileType = file.storyboard; name = Base; path = Base.lproj/Main.storyboard; sourceTree = "<group>"; };
		B0AAECB31BE2379F0079A14A /* Assets.xcassets */ = {isa = PBXFileReference; lastKnownFileType = folder.assetcatalog; path = Assets.xcassets; sourceTree = "<group>"; };
		B0AAECB61BE2379F0079A14A /* Base */ = {isa = PBXFileReference; lastKnownFileType = file.storyboard; name = Base; path = Base.lproj/LaunchScreen.storyboard; sourceTree = "<group>"; };
		B0AAECB81BE2379F0079A14A /* Info.plist */ = {isa = PBXFileReference; lastKnownFileType = text.plist.xml; path = Info.plist; sourceTree = "<group>"; };
		B0AAECBE1BE237AE0079A14A /* ViewController.swift */ = {isa = PBXFileReference; fileEncoding = 4; lastKnownFileType = sourcecode.swift; path = ViewController.swift; sourceTree = "<group>"; };
		B0EFA8391BE379270021A048 /* README.md */ = {isa = PBXFileReference; fileEncoding = 4; lastKnownFileType = net.daringfireball.markdown; path = README.md; sourceTree = "<group>"; };
		B0EFA83A1BE379270021A048 /* LICENSE.md */ = {isa = PBXFileReference; fileEncoding = 4; lastKnownFileType = net.daringfireball.markdown; path = LICENSE.md; sourceTree = "<group>"; };
/* End PBXFileReference section */

/* Begin PBXFrameworksBuildPhase section */
		B0AAECA81BE2379F0079A14A /* Frameworks */ = {
			isa = PBXFrameworksBuildPhase;
			buildActionMask = 2147483647;
			files = (
			);
			runOnlyForDeploymentPostprocessing = 0;
		};
/* End PBXFrameworksBuildPhase section */

/* Begin PBXGroup section */
		B0AAECA21BE2379F0079A14A = {
			isa = PBXGroup;
			children = (
				B0EFA8391BE379270021A048 /* README.md */,
				B0EFA83A1BE379270021A048 /* LICENSE.md */,
				B0AAECAD1BE2379F0079A14A /* ClosureAsEventHandler */,
				B0AAECAC1BE2379F0079A14A /* Products */,
			);
			sourceTree = "<group>";
		};
		B0AAECAC1BE2379F0079A14A /* Products */ = {
			isa = PBXGroup;
			children = (
				B0AAECAB1BE2379F0079A14A /* ClosureAsEventHandler.app */,
			);
			name = Products;
			sourceTree = "<group>";
		};
		B0AAECAD1BE2379F0079A14A /* ClosureAsEventHandler */ = {
			isa = PBXGroup;
			children = (
				B0AAECAE1BE2379F0079A14A /* AppDelegate.swift */,
				B0AAECB01BE2379F0079A14A /* Main.storyboard */,
				B0AAECB31BE2379F0079A14A /* Assets.xcassets */,
				B0AAECB51BE2379F0079A14A /* LaunchScreen.storyboard */,
				B0AAECB81BE2379F0079A14A /* Info.plist */,
				B0AAECBE1BE237AE0079A14A /* ViewController.swift */,
				B00093AF1BE2AD85007E7EC6 /* λ.swift */,
			);
			path = ClosureAsEventHandler;
			sourceTree = "<group>";
		};
/* End PBXGroup section */

/* Begin PBXNativeTarget section */
		B0AAECAA1BE2379F0079A14A /* ClosureAsEventHandler */ = {
			isa = PBXNativeTarget;
			buildConfigurationList = B0AAECBB1BE2379F0079A14A /* Build configuration list for PBXNativeTarget "ClosureAsEventHandler" */;
			buildPhases = (
				B0AAECA71BE2379F0079A14A /* Sources */,
				B0AAECA81BE2379F0079A14A /* Frameworks */,
				B0AAECA91BE2379F0079A14A /* Resources */,
			);
			buildRules = (
			);
			dependencies = (
			);
			name = ClosureAsEventHandler;
			productName = ClosureAsEventHandler;
			productReference = B0AAECAB1BE2379F0079A14A /* ClosureAsEventHandler.app */;
			productType = "com.apple.product-type.application";
		};
/* End PBXNativeTarget section */

/* Begin PBXProject section */
		B0AAECA31BE2379F0079A14A /* Project object */ = {
			isa = PBXProject;
			attributes = {
				LastSwiftUpdateCheck = 0710;
				LastUpgradeCheck = 0710;
				ORGANIZATIONNAME = "Steven Van Impe";
				TargetAttributes = {
					B0AAECAA1BE2379F0079A14A = {
						CreatedOnToolsVersion = 7.1;
					};
				};
			};
			buildConfigurationList = B0AAECA61BE2379F0079A14A /* Build configuration list for PBXProject "ClosureAsEventHandler" */;
			compatibilityVersion = "Xcode 3.2";
			developmentRegion = English;
			hasScannedForEncodings = 0;
			knownRegions = (
				en,
				Base,
			);
			mainGroup = B0AAECA21BE2379F0079A14A;
			productRefGroup = B0AAECAC1BE2379F0079A14A /* Products */;
			projectDirPath = "";
			projectRoot = "";
			targets = (
				B0AAECAA1BE2379F0079A14A /* ClosureAsEventHandler */,
			);
		};
/* End PBXProject section */

/* Begin PBXResourcesBuildPhase section */
		B0AAECA91BE2379F0079A14A /* Resources */ = {
			isa = PBXResourcesBuildPhase;
			buildActionMask = 2147483647;
			files = (
				B0AAECB71BE2379F0079A14A /* LaunchScreen.storyboard in Resources */,
				B0AAECB41BE2379F0079A14A /* Assets.xcassets in Resources */,
				B0AAECB21BE2379F0079A14A /* Main.storyboard in Resources */,
			);
			runOnlyForDeploymentPostprocessing = 0;
		};
/* End PBXResourcesBuildPhase section */

/* Begin PBXSourcesBuildPhase section */
		B0AAECA71BE2379F0079A14A /* Sources */ = {
			isa = PBXSourcesBuildPhase;
			buildActionMask = 2147483647;
			files = (
				B0EFA83C1BE379280021A048 /* LICENSE.md in Sources */,
				B00093B01BE2AD85007E7EC6 /* λ.swift in Sources */,
				B0AAECBF1BE237AE0079A14A /* ViewController.swift in Sources */,
				B0EFA83B1BE379280021A048 /* README.md in Sources */,
				B0AAECAF1BE2379F0079A14A /* AppDelegate.swift in Sources */,
			);
			runOnlyForDeploymentPostprocessing = 0;
		};
/* End PBXSourcesBuildPhase section */

/* Begin PBXVariantGroup section */
		B0AAECB01BE2379F0079A14A /* Main.storyboard */ = {
			isa = PBXVariantGroup;
			children = (
				B0AAECB11BE2379F0079A14A /* Base */,
			);
			name = Main.storyboard;
			sourceTree = "<group>";
		};
		B0AAECB51BE2379F0079A14A /* LaunchScreen.storyboard */ = {
			isa = PBXVariantGroup;
			children = (
				B0AAECB61BE2379F0079A14A /* Base */,
			);
			name = LaunchScreen.storyboard;
			sourceTree = "<group>";
		};
/* End PBXVariantGroup section */

/* Begin XCBuildConfiguration section */
		B0AAECB91BE2379F0079A14A /* Debug */ = {
			isa = XCBuildConfiguration;
			buildSettings = {
				ALWAYS_SEARCH_USER_PATHS = NO;
				CLANG_CXX_LANGUAGE_STANDARD = "gnu++0x";
				CLANG_CXX_LIBRARY = "libc++";
				CLANG_ENABLE_MODULES = YES;
				CLANG_ENABLE_OBJC_ARC = YES;
				CLANG_WARN_BOOL_CONVERSION = YES;
				CLANG_WARN_CONSTANT_CONVERSION = YES;
				CLANG_WARN_DIRECT_OBJC_ISA_USAGE = YES_ERROR;
				CLANG_WARN_EMPTY_BODY = YES;
				CLANG_WARN_ENUM_CONVERSION = YES;
				CLANG_WARN_INT_CONVERSION = YES;
				CLANG_WARN_OBJC_ROOT_CLASS = YES_ERROR;
				CLANG_WARN_UNREACHABLE_CODE = YES;
				CLANG_WARN__DUPLICATE_METHOD_MATCH = YES;
				"CODE_SIGN_IDENTITY[sdk=iphoneos*]" = "iPhone Developer";
				COPY_PHASE_STRIP = NO;
				DEBUG_INFORMATION_FORMAT = dwarf;
				ENABLE_STRICT_OBJC_MSGSEND = YES;
				ENABLE_TESTABILITY = YES;
				GCC_C_LANGUAGE_STANDARD = gnu99;
				GCC_DYNAMIC_NO_PIC = NO;
				GCC_NO_COMMON_BLOCKS = YES;
				GCC_OPTIMIZATION_LEVEL = 0;
				GCC_PREPROCESSOR_DEFINITIONS = (
					"DEBUG=1",
					"$(inherited)",
				);
				GCC_WARN_64_TO_32_BIT_CONVERSION = YES;
				GCC_WARN_ABOUT_RETURN_TYPE = YES_ERROR;
				GCC_WARN_UNDECLARED_SELECTOR = YES;
				GCC_WARN_UNINITIALIZED_AUTOS = YES_AGGRESSIVE;
				GCC_WARN_UNUSED_FUNCTION = YES;
				GCC_WARN_UNUSED_VARIABLE = YES;
				IPHONEOS_DEPLOYMENT_TARGET = 9.1;
				MTL_ENABLE_DEBUG_INFO = YES;
				ONLY_ACTIVE_ARCH = YES;
				SDKROOT = iphoneos;
				SWIFT_OPTIMIZATION_LEVEL = "-Onone";
				TARGETED_DEVICE_FAMILY = "1,2";
			};
			name = Debug;
		};
		B0AAECBA1BE2379F0079A14A /* Release */ = {
			isa = XCBuildConfiguration;
			buildSettings = {
				ALWAYS_SEARCH_USER_PATHS = NO;
				CLANG_CXX_LANGUAGE_STANDARD = "gnu++0x";
				CLANG_CXX_LIBRARY = "libc++";
				CLANG_ENABLE_MODULES = YES;
				CLANG_ENABLE_OBJC_ARC = YES;
				CLANG_WARN_BOOL_CONVERSION = YES;
				CLANG_WARN_CONSTANT_CONVERSION = YES;
				CLANG_WARN_DIRECT_OBJC_ISA_USAGE = YES_ERROR;
				CLANG_WARN_EMPTY_BODY = YES;
				CLANG_WARN_ENUM_CONVERSION = YES;
				CLANG_WARN_INT_CONVERSION = YES;
				CLANG_WARN_OBJC_ROOT_CLASS = YES_ERROR;
				CLANG_WARN_UNREACHABLE_CODE = YES;
				CLANG_WARN__DUPLICATE_METHOD_MATCH = YES;
				"CODE_SIGN_IDENTITY[sdk=iphoneos*]" = "iPhone Developer";
				COPY_PHASE_STRIP = NO;
				DEBUG_INFORMATION_FORMAT = "dwarf-with-dsym";
				ENABLE_NS_ASSERTIONS = NO;
				ENABLE_STRICT_OBJC_MSGSEND = YES;
				GCC_C_LANGUAGE_STANDARD = gnu99;
				GCC_NO_COMMON_BLOCKS = YES;
				GCC_WARN_64_TO_32_BIT_CONVERSION = YES;
				GCC_WARN_ABOUT_RETURN_TYPE = YES_ERROR;
				GCC_WARN_UNDECLARED_SELECTOR = YES;
				GCC_WARN_UNINITIALIZED_AUTOS = YES_AGGRESSIVE;
				GCC_WARN_UNUSED_FUNCTION = YES;
				GCC_WARN_UNUSED_VARIABLE = YES;
				IPHONEOS_DEPLOYMENT_TARGET = 9.1;
				MTL_ENABLE_DEBUG_INFO = NO;
				SDKROOT = iphoneos;
				TARGETED_DEVICE_FAMILY = "1,2";
				VALIDATE_PRODUCT = YES;
			};
			name = Release;
		};
		B0AAECBC1BE2379F0079A14A /* Debug */ = {
			isa = XCBuildConfiguration;
			buildSettings = {
				ASSETCATALOG_COMPILER_APPICON_NAME = AppIcon;
				INFOPLIST_FILE = ClosureAsEventHandler/Info.plist;
				LD_RUNPATH_SEARCH_PATHS = "$(inherited) @executable_path/Frameworks";
				PRODUCT_BUNDLE_IDENTIFIER = be.svanimpe.ClosureAsEventHandler;
				PRODUCT_NAME = "$(TARGET_NAME)";
			};
			name = Debug;
		};
		B0AAECBD1BE2379F0079A14A /* Release */ = {
			isa = XCBuildConfiguration;
			buildSettings = {
				ASSETCATALOG_COMPILER_APPICON_NAME = AppIcon;
				INFOPLIST_FILE = ClosureAsEventHandler/Info.plist;
				LD_RUNPATH_SEARCH_PATHS = "$(inherited) @executable_path/Frameworks";
				PRODUCT_BUNDLE_IDENTIFIER = be.svanimpe.ClosureAsEventHandler;
				PRODUCT_NAME = "$(TARGET_NAME)";
			};
			name = Release;
		};
/* End XCBuildConfiguration section */

/* Begin XCConfigurationList section */
		B0AAECA61BE2379F0079A14A /* Build configuration list for PBXProject "ClosureAsEventHandler" */ = {
			isa = XCConfigurationList;
			buildConfigurations = (
				B0AAECB91BE2379F0079A14A /* Debug */,
				B0AAECBA1BE2379F0079A14A /* Release */,
			);
			defaultConfigurationIsVisible = 0;
			defaultConfigurationName = Release;
		};
		B0AAECBB1BE2379F0079A14A /* Build configuration list for PBXNativeTarget "ClosureAsEventHandler" */ = {
			isa = XCConfigurationList;
			buildConfigurations = (
				B0AAECBC1BE2379F0079A14A /* Debug */,
				B0AAECBD1BE2379F0079A14A /* Release */,
			);
			defaultConfigurationIsVisible = 0;
			defaultConfigurationName = Release;
		};
/* End XCConfigurationList section */
	};
	rootObject = B0AAECA31BE2379F0079A14A /* Project object */;
}
